
Microsoft Visual Studio Solution File, Format Version 12.00
# Visual Studio Version 17
VisualStudioVersion = 17.8.34322.80
MinimumVisualStudioVersion = 10.0.40219.1
Project("{FAE04EC0-301F-11D3-BF4B-00C04F79EFBC}") = "TheHeroOfTheMaze", "TheHeroOfTheMaze\TheHeroOfTheMaze.csproj", "{9C1C0140-7C57-4AC6-8E88-485687079C7E}"
EndProject
Project("{2150E333-8FDC-42A3-9474-1A3956D46DE8}") = "Элементы решения", "Элементы решения", "{BD50C07D-B919-48D0-B602-89A5028CF82B}"
EndProject
Global
	GlobalSection(SolutionConfigurationPlatforms) = preSolution
		Debug|Any CPU = Debug|Any CPU
		Release|Any CPU = Release|Any CPU
	EndGlobalSection
	GlobalSection(ProjectConfigurationPlatforms) = postSolution
		{9C1C0140-7C57-4AC6-8E88-485687079C7E}.Debug|Any CPU.ActiveCfg = Debug|Any CPU
		{9C1C0140-7C57-4AC6-8E88-485687079C7E}.Debug|Any CPU.Build.0 = Debug|Any CPU
		{9C1C0140-7C57-4AC6-8E88-485687079C7E}.Release|Any CPU.ActiveCfg = Release|Any CPU
		{9C1C0140-7C57-4AC6-8E88-485687079C7E}.Release|Any CPU.Build.0 = Release|Any CPU
	EndGlobalSection
	GlobalSection(SolutionProperties) = preSolution
		HideSolutionNode = FALSE
	EndGlobalSection
	GlobalSection(ExtensibilityGlobals) = postSolution
		SolutionGuid = {F7EBEAD9-0156-4330-BD51-C1BFE075AEB5}
	EndGlobalSection
EndGlobal
